// !$*UTF8*$!
{
	archiveVersion = 1;
	classes = {
	};
	objectVersion = 46;
	objects = {

/* Begin PBXBuildFile section */
		563987D61BB9C26400430F08 /* AppDelegate.swift in Sources */ = {isa = PBXBuildFile; fileRef = 563987D51BB9C26400430F08 /* AppDelegate.swift */; };
		563987D81BB9C26400430F08 /* ViewController.swift in Sources */ = {isa = PBXBuildFile; fileRef = 563987D71BB9C26400430F08 /* ViewController.swift */; };
		563987DB1BB9C26400430F08 /* Main.storyboard in Resources */ = {isa = PBXBuildFile; fileRef = 563987D91BB9C26400430F08 /* Main.storyboard */; };
		563987DD1BB9C26400430F08 /* Assets.xcassets in Resources */ = {isa = PBXBuildFile; fileRef = 563987DC1BB9C26400430F08 /* Assets.xcassets */; };
		563987E01BB9C26400430F08 /* LaunchScreen.storyboard in Resources */ = {isa = PBXBuildFile; fileRef = 563987DE1BB9C26400430F08 /* LaunchScreen.storyboard */; };
		56F1B2051C20274600CBE6D3 /* calculatorBrain.swift in Sources */ = {isa = PBXBuildFile; fileRef = 56F1B2041C20274600CBE6D3 /* calculatorBrain.swift */; settings = {ASSET_TAGS = (); }; };
/* End PBXBuildFile section */

/* Begin PBXFileReference section */
		563987D21BB9C26400430F08 /* Calculator.app */ = {isa = PBXFileReference; explicitFileType = wrapper.application; includeInIndex = 0; path = Calculator.app; sourceTree = BUILT_PRODUCTS_DIR; };
		563987D51BB9C26400430F08 /* AppDelegate.swift */ = {isa = PBXFileReference; lastKnownFileType = sourcecode.swift; path = AppDelegate.swift; sourceTree = "<group>"; };
		563987D71BB9C26400430F08 /* ViewController.swift */ = {isa = PBXFileReference; lastKnownFileType = sourcecode.swift; path = ViewController.swift; sourceTree = "<group>"; };
		563987DA1BB9C26400430F08 /* Base */ = {isa = PBXFileReference; lastKnownFileType = file.storyboard; name = Base; path = Base.lproj/Main.storyboard; sourceTree = "<group>"; };
		563987DC1BB9C26400430F08 /* Assets.xcassets */ = {isa = PBXFileReference; lastKnownFileType = folder.assetcatalog; path = Assets.xcassets; sourceTree = "<group>"; };
		563987DF1BB9C26400430F08 /* Base */ = {isa = PBXFileReference; lastKnownFileType = file.storyboard; name = Base; path = Base.lproj/LaunchScreen.storyboard; sourceTree = "<group>"; };
		563987E11BB9C26400430F08 /* Info.plist */ = {isa = PBXFileReference; lastKnownFileType = text.plist.xml; path = Info.plist; sourceTree = "<group>"; };
		56F1B2041C20274600CBE6D3 /* calculatorBrain.swift */ = {isa = PBXFileReference; fileEncoding = 4; lastKnownFileType = sourcecode.swift; path = calculatorBrain.swift; sourceTree = "<group>"; };
/* End PBXFileReference section */

/* Begin PBXFrameworksBuildPhase section */
		563987CF1BB9C26300430F08 /* Frameworks */ = {
			isa = PBXFrameworksBuildPhase;
			buildActionMask = 2147483647;
			files = (
			);
			runOnlyForDeploymentPostprocessing = 0;
		};
/* End PBXFrameworksBuildPhase section */

/* Begin PBXGroup section */
		563987C91BB9C26300430F08 = {
			isa = PBXGroup;
			children = (
				563987D41BB9C26400430F08 /* Calculator */,
				563987D31BB9C26400430F08 /* Products */,
			);
			sourceTree = "<group>";
		};
		563987D31BB9C26400430F08 /* Products */ = {
			isa = PBXGroup;
			children = (
				563987D21BB9C26400430F08 /* Calculator.app */,
			);
			name = Products;
			sourceTree = "<group>";
		};
		563987D41BB9C26400430F08 /* Calculator */ = {
			isa = PBXGroup;
			children = (
				563987D51BB9C26400430F08 /* AppDelegate.swift */,
				563987D71BB9C26400430F08 /* ViewController.swift */,
				563987D91BB9C26400430F08 /* Main.storyboard */,
				56F1B2041C20274600CBE6D3 /* calculatorBrain.swift */,
				563987DC1BB9C26400430F08 /* Assets.xcassets */,
				563987DE1BB9C26400430F08 /* LaunchScreen.storyboard */,
				563987E11BB9C26400430F08 /* Info.plist */,
			);
			path = Calculator;
			sourceTree = "<group>";
		};
/* End PBXGroup section */

/* Begin PBXNativeTarget section */
		563987D11BB9C26300430F08 /* Calculator */ = {
			isa = PBXNativeTarget;
			buildConfigurationList = 563987E41BB9C26400430F08 /* Build configuration list for PBXNativeTarget "Calculator" */;
			buildPhases = (
				563987CE1BB9C26300430F08 /* Sources */,
				563987CF1BB9C26300430F08 /* Frameworks */,
				563987D01BB9C26300430F08 /* Resources */,
			);
			buildRules = (
			);
			dependencies = (
			);
			name = Calculator;
			productName = Calculator;
			productReference = 563987D21BB9C26400430F08 /* Calculator.app */;
			productType = "com.apple.product-type.application";
		};
/* End PBXNativeTarget section */

/* Begin PBXProject section */
		563987CA1BB9C26300430F08 /* Project object */ = {
			isa = PBXProject;
			attributes = {
				LastUpgradeCheck = 0700;
				ORGANIZATIONNAME = "Charles Roncier";
				TargetAttributes = {
					563987D11BB9C26300430F08 = {
						CreatedOnToolsVersion = 7.0;
						DevelopmentTeam = L3PYN5EUFA;
					};
				};
			};
			buildConfigurationList = 563987CD1BB9C26300430F08 /* Build configuration list for PBXProject "Calculator" */;
			compatibilityVersion = "Xcode 3.2";
			developmentRegion = English;
			hasScannedForEncodings = 0;
			knownRegions = (
				en,
				Base,
			);
			mainGroup = 563987C91BB9C26300430F08;
			productRefGroup = 563987D31BB9C26400430F08 /* Products */;
			projectDirPath = "";
			projectRoot = "";
			targets = (
				563987D11BB9C26300430F08 /* Calculator */,
			);
		};
/* End PBXProject section */

/* Begin PBXResourcesBuildPhase section */
		563987D01BB9C26300430F08 /* Resources */ = {
			isa = PBXResourcesBuildPhase;
			buildActionMask = 2147483647;
			files = (
				563987E01BB9C26400430F08 /* LaunchScreen.storyboard in Resources */,
				563987DD1BB9C26400430F08 /* Assets.xcassets in Resources */,
				563987DB1BB9C26400430F08 /* Main.storyboard in Resources */,
			);
			runOnlyForDeploymentPostprocessing = 0;
		};
/* End PBXResourcesBuildPhase section */

/* Begin PBXSourcesBuildPhase section */
		563987CE1BB9C26300430F08 /* Sources */ = {
			isa = PBXSourcesBuildPhase;
			buildActionMask = 2147483647;
			files = (
				56F1B2051C20274600CBE6D3 /* calculatorBrain.swift in Sources */,
				563987D81BB9C26400430F08 /* ViewController.swift in Sources */,
				563987D61BB9C26400430F08 /* AppDelegate.swift in Sources */,
			);
			runOnlyForDeploymentPostprocessing = 0;
		};
/* End PBXSourcesBuildPhase section */

/* Begin PBXVariantGroup section */
		563987D91BB9C26400430F08 /* Main.storyboard */ = {
			isa = PBXVariantGroup;
			children = (
				563987DA1BB9C26400430F08 /* Base */,
			);
			name = Main.storyboard;
			sourceTree = "<group>";
		};
		563987DE1BB9C26400430F08 /* LaunchScreen.storyboard */ = {
			isa = PBXVariantGroup;
			children = (
				563987DF1BB9C26400430F08 /* Base */,
			);
			name = LaunchScreen.storyboard;
			sourceTree = "<group>";
		};
/* End PBXVariantGroup section */

/* Begin XCBuildConfiguration section */
		563987E21BB9C26400430F08 /* Debug */ = {
			isa = XCBuildConfiguration;
			buildSettings = {
				ALWAYS_SEARCH_USER_PATHS = NO;
				CLANG_CXX_LANGUAGE_STANDARD = "gnu++0x";
				CLANG_CXX_LIBRARY = "libc++";
				CLANG_ENABLE_MODULES = YES;
				CLANG_ENABLE_OBJC_ARC = YES;
				CLANG_WARN_BOOL_CONVERSION = YES;
				CLANG_WARN_CONSTANT_CONVERSION = YES;
				CLANG_WARN_DIRECT_OBJC_ISA_USAGE = YES_ERROR;
				CLANG_WARN_EMPTY_BODY = YES;
				CLANG_WARN_ENUM_CONVERSION = YES;
				CLANG_WARN_INT_CONVERSION = YES;
				CLANG_WARN_OBJC_ROOT_CLASS = YES_ERROR;
				CLANG_WARN_UNREACHABLE_CODE = YES;
				CLANG_WARN__DUPLICATE_METHOD_MATCH = YES;
				"CODE_SIGN_IDENTITY[sdk=iphoneos*]" = "iPhone Developer";
				COPY_PHASE_STRIP = NO;
				DEBUG_INFORMATION_FORMAT = dwarf;
				ENABLE_STRICT_OBJC_MSGSEND = YES;
				ENABLE_TESTABILITY = YES;
				GCC_C_LANGUAGE_STANDARD = gnu99;
				GCC_DYNAMIC_NO_PIC = NO;
				GCC_NO_COMMON_BLOCKS = YES;
				GCC_OPTIMIZATION_LEVEL = 0;
				GCC_PREPROCESSOR_DEFINITIONS = (
					"DEBUG=1",
					"$(inherited)",
				);
				GCC_WARN_64_TO_32_BIT_CONVERSION = YES;
				GCC_WARN_ABOUT_RETURN_TYPE = YES_ERROR;
				GCC_WARN_UNDECLARED_SELECTOR = YES;
				GCC_WARN_UNINITIALIZED_AUTOS = YES_AGGRESSIVE;
				GCC_WARN_UNUSED_FUNCTION = YES;
				GCC_WARN_UNUSED_VARIABLE = YES;
				IPHONEOS_DEPLOYMENT_TARGET = 9.0;
				MTL_ENABLE_DEBUG_INFO = YES;
				ONLY_ACTIVE_ARCH = YES;
				SDKROOT = iphoneos;
				SWIFT_OPTIMIZATION_LEVEL = "-Onone";
				TARGETED_DEVICE_FAMILY = "1,2";
			};
			name = Debug;
		};
		563987E31BB9C26400430F08 /* Release */ = {
			isa = XCBuildConfiguration;
			buildSettings = {
				ALWAYS_SEARCH_USER_PATHS = NO;
				CLANG_CXX_LANGUAGE_STANDARD = "gnu++0x";
				CLANG_CXX_LIBRARY = "libc++";
				CLANG_ENABLE_MODULES = YES;
				CLANG_ENABLE_OBJC_ARC = YES;
				CLANG_WARN_BOOL_CONVERSION = YES;
				CLANG_WARN_CONSTANT_CONVERSION = YES;
				CLANG_WARN_DIRECT_OBJC_ISA_USAGE = YES_ERROR;
				CLANG_WARN_EMPTY_BODY = YES;
				CLANG_WARN_ENUM_CONVERSION = YES;
				CLANG_WARN_INT_CONVERSION = YES;
				CLANG_WARN_OBJC_ROOT_CLASS = YES_ERROR;
				CLANG_WARN_UNREACHABLE_CODE = YES;
				CLANG_WARN__DUPLICATE_METHOD_MATCH = YES;
				"CODE_SIGN_IDENTITY[sdk=iphoneos*]" = "iPhone Developer";
				COPY_PHASE_STRIP = NO;
				DEBUG_INFORMATION_FORMAT = "dwarf-with-dsym";
				ENABLE_NS_ASSERTIONS = NO;
				ENABLE_STRICT_OBJC_MSGSEND = YES;
				GCC_C_LANGUAGE_STANDARD = gnu99;
				GCC_NO_COMMON_BLOCKS = YES;
				GCC_WARN_64_TO_32_BIT_CONVERSION = YES;
				GCC_WARN_ABOUT_RETURN_TYPE = YES_ERROR;
				GCC_WARN_UNDECLARED_SELECTOR = YES;
				GCC_WARN_UNINITIALIZED_AUTOS = YES_AGGRESSIVE;
				GCC_WARN_UNUSED_FUNCTION = YES;
				GCC_WARN_UNUSED_VARIABLE = YES;
				IPHONEOS_DEPLOYMENT_TARGET = 9.0;
				MTL_ENABLE_DEBUG_INFO = NO;
				SDKROOT = iphoneos;
				TARGETED_DEVICE_FAMILY = "1,2";
				VALIDATE_PRODUCT = YES;
			};
			name = Release;
		};
		563987E51BB9C26400430F08 /* Debug */ = {
			isa = XCBuildConfiguration;
			buildSettings = {
				ASSETCATALOG_COMPILER_APPICON_NAME = AppIcon;
				INFOPLIST_FILE = Calculator/Info.plist;
				LD_RUNPATH_SEARCH_PATHS = "$(inherited) @executable_path/Frameworks";
				PRODUCT_BUNDLE_IDENTIFIER = net.roncier.Calculator;
				PRODUCT_NAME = "$(TARGET_NAME)";
			};
			name = Debug;
		};
		563987E61BB9C26400430F08 /* Release */ = {
			isa = XCBuildConfiguration;
			buildSettings = {
				ASSETCATALOG_COMPILER_APPICON_NAME = AppIcon;
				INFOPLIST_FILE = Calculator/Info.plist;
				LD_RUNPATH_SEARCH_PATHS = "$(inherited) @executable_path/Frameworks";
				PRODUCT_BUNDLE_IDENTIFIER = net.roncier.Calculator;
				PRODUCT_NAME = "$(TARGET_NAME)";
			};
			name = Release;
		};
/* End XCBuildConfiguration section */

/* Begin XCConfigurationList section */
		563987CD1BB9C26300430F08 /* Build configuration list for PBXProject "Calculator" */ = {
			isa = XCConfigurationList;
			buildConfigurations = (
				563987E21BB9C26400430F08 /* Debug */,
				563987E31BB9C26400430F08 /* Release */,
			);
			defaultConfigurationIsVisible = 0;
			defaultConfigurationName = Release;
		};
		563987E41BB9C26400430F08 /* Build configuration list for PBXNativeTarget "Calculator" */ = {
			isa = XCConfigurationList;
			buildConfigurations = (
				563987E51BB9C26400430F08 /* Debug */,
				563987E61BB9C26400430F08 /* Release */,
			);
			defaultConfigurationIsVisible = 0;
			defaultConfigurationName = Release;
		};
/* End XCConfigurationList section */
	};
	rootObject = 563987CA1BB9C26300430F08 /* Project object */;
}
